
Microsoft Visual Studio Solution File, Format Version 12.00
# Visual Studio 15
VisualStudioVersion = 15.0.28307.1169
MinimumVisualStudioVersion = 10.0.40219.1
Project("{8BC9CEB8-8B4A-11D0-8D11-00A0C91BC942}") = "src", "src\src.vcxproj", "{B701ACAC-2C30-40AE-B85F-5459FBFD13CD}"
EndProject
Project("{8BC9CEB8-8B4A-11D0-8D11-00A0C91BC942}") = "test", "test\test.vcxproj", "{9AC40A02-610C-4221-9650-86DC1D3F2D4E}"
EndProject
Global
	GlobalSection(SolutionConfigurationPlatforms) = preSolution
		Debug|x64 = Debug|x64
		Debug|x86 = Debug|x86
		Release|x64 = Release|x64
		Release|x86 = Release|x86
	EndGlobalSection
	GlobalSection(ProjectConfigurationPlatforms) = postSolution
		{B701ACAC-2C30-40AE-B85F-5459FBFD13CD}.Debug|x64.ActiveCfg = Debug|x64
		{B701ACAC-2C30-40AE-B85F-5459FBFD13CD}.Debug|x64.Build.0 = Debug|x64
		{B701ACAC-2C30-40AE-B85F-5459FBFD13CD}.Debug|x86.ActiveCfg = Debug|Win32
		{B701ACAC-2C30-40AE-B85F-5459FBFD13CD}.Debug|x86.Build.0 = Debug|Win32
		{B701ACAC-2C30-40AE-B85F-5459FBFD13CD}.Release|x64.ActiveCfg = Release|x64
		{B701ACAC-2C30-40AE-B85F-5459FBFD13CD}.Release|x64.Build.0 = Release|x64
		{B701ACAC-2C30-40AE-B85F-5459FBFD13CD}.Release|x86.ActiveCfg = Release|Win32
		{B701ACAC-2C30-40AE-B85F-5459FBFD13CD}.Release|x86.Build.0 = Release|Win32
		{9AC40A02-610C-4221-9650-86DC1D3F2D4E}.Debug|x64.ActiveCfg = Debug|x64
		{9AC40A02-610C-4221-9650-86DC1D3F2D4E}.Debug|x64.Build.0 = Debug|x64
		{9AC40A02-610C-4221-9650-86DC1D3F2D4E}.Debug|x86.ActiveCfg = Debug|Win32
		{9AC40A02-610C-4221-9650-86DC1D3F2D4E}.Debug|x86.Build.0 = Debug|Win32
		{9AC40A02-610C-4221-9650-86DC1D3F2D4E}.Release|x64.ActiveCfg = Release|x64
		{9AC40A02-610C-4221-9650-86DC1D3F2D4E}.Release|x64.Build.0 = Release|x64
		{9AC40A02-610C-4221-9650-86DC1D3F2D4E}.Release|x86.ActiveCfg = Release|Win32
		{9AC40A02-610C-4221-9650-86DC1D3F2D4E}.Release|x86.Build.0 = Release|Win32
	EndGlobalSection
	GlobalSection(SolutionProperties) = preSolution
		HideSolutionNode = FALSE
	EndGlobalSection
	GlobalSection(ExtensibilityGlobals) = postSolution
		SolutionGuid = {89EF736F-53FC-4310-840E-8AD4972AD8F3}
	EndGlobalSection
EndGlobal
